
Microsoft Visual Studio Solution File, Format Version 12.00
# Visual Studio 15
Project("{FAE04EC0-301F-11D3-BF4B-00C04F79EFBC}") = "ㅁㄴㅇㄻㅇㄴ", "Assembly-CSharp.csproj", "{EDBD9EAD-E216-77A9-4A49-3B77D888E111}"
EndProject
Global
	GlobalSection(SolutionConfigurationPlatforms) = preSolution
		Debug|Any CPU = Debug|Any CPU
		Release|Any CPU = Release|Any CPU
	EndGlobalSection
	GlobalSection(ProjectConfigurationPlatforms) = postSolution
		{EDBD9EAD-E216-77A9-4A49-3B77D888E111}.Debug|Any CPU.ActiveCfg = Debug|Any CPU
		{EDBD9EAD-E216-77A9-4A49-3B77D888E111}.Debug|Any CPU.Build.0 = Debug|Any CPU
		{EDBD9EAD-E216-77A9-4A49-3B77D888E111}.Release|Any CPU.ActiveCfg = Release|Any CPU
		{EDBD9EAD-E216-77A9-4A49-3B77D888E111}.Release|Any CPU.Build.0 = Release|Any CPU
	EndGlobalSection
	GlobalSection(SolutionProperties) = preSolution
		HideSolutionNode = FALSE
	EndGlobalSection
EndGlobal
